// !$*UTF8*$!
{
	archiveVersion = 1;
	classes = {
	};
	objectVersion = 55;
	objects = {

/* Begin PBXBuildFile section */
		46146B9127E10BE400D3C5A1 /* AppDelegate.swift in Sources */ = {isa = PBXBuildFile; fileRef = 46146B9027E10BE400D3C5A1 /* AppDelegate.swift */; };
		46146B9327E10BE400D3C5A1 /* SceneDelegate.swift in Sources */ = {isa = PBXBuildFile; fileRef = 46146B9227E10BE400D3C5A1 /* SceneDelegate.swift */; };
		46146B9527E10BE400D3C5A1 /* ViewController.swift in Sources */ = {isa = PBXBuildFile; fileRef = 46146B9427E10BE400D3C5A1 /* ViewController.swift */; };
		46146B9A27E10BE600D3C5A1 /* Assets.xcassets in Resources */ = {isa = PBXBuildFile; fileRef = 46146B9927E10BE600D3C5A1 /* Assets.xcassets */; };
		46146B9D27E10BE600D3C5A1 /* LaunchScreen.storyboard in Resources */ = {isa = PBXBuildFile; fileRef = 46146B9B27E10BE600D3C5A1 /* LaunchScreen.storyboard */; };
		464EAF7927E31B3000B5EE70 /* Divider.swift in Sources */ = {isa = PBXBuildFile; fileRef = 464EAF7827E31B3000B5EE70 /* Divider.swift */; };
		464EAF7D27E3CEF300B5EE70 /* InitialViewController.swift in Sources */ = {isa = PBXBuildFile; fileRef = 464EAF7C27E3CEF300B5EE70 /* InitialViewController.swift */; };
		464EAF7F27E3DCC100B5EE70 /* PersonalDataView.swift in Sources */ = {isa = PBXBuildFile; fileRef = 464EAF7E27E3DCC100B5EE70 /* PersonalDataView.swift */; };
		4665080927E2A41300E43E54 /* ExpandableView.swift in Sources */ = {isa = PBXBuildFile; fileRef = 4665080827E2A41300E43E54 /* ExpandableView.swift */; };
		46AF7EFC27E83DF500D6433D /* Teste.json in Resources */ = {isa = PBXBuildFile; fileRef = 46AF7EFB27E83DF500D6433D /* Teste.json */; };
		46AF7EFE27E83E8700D6433D /* ReturnModel.swift in Sources */ = {isa = PBXBuildFile; fileRef = 46AF7EFD27E83E8700D6433D /* ReturnModel.swift */; };
		46AF7F0227E846E000D6433D /* ReturnViewModel.swift in Sources */ = {isa = PBXBuildFile; fileRef = 46AF7F0127E846E000D6433D /* ReturnViewModel.swift */; };
		46AF7F0927E8520900D6433D /* LocalizationView.swift in Sources */ = {isa = PBXBuildFile; fileRef = 46AF7F0827E8520900D6433D /* LocalizationView.swift */; };
		46AF7F0B27E8552300D6433D /* InformationView.swift in Sources */ = {isa = PBXBuildFile; fileRef = 46AF7F0A27E8552300D6433D /* InformationView.swift */; };
/* End PBXBuildFile section */

/* Begin PBXFileReference section */
		46146B8D27E10BE400D3C5A1 /* Tela Agendamento.app */ = {isa = PBXFileReference; explicitFileType = wrapper.application; includeInIndex = 0; path = "Tela Agendamento.app"; sourceTree = BUILT_PRODUCTS_DIR; };
		46146B9027E10BE400D3C5A1 /* AppDelegate.swift */ = {isa = PBXFileReference; lastKnownFileType = sourcecode.swift; path = AppDelegate.swift; sourceTree = "<group>"; };
		46146B9227E10BE400D3C5A1 /* SceneDelegate.swift */ = {isa = PBXFileReference; lastKnownFileType = sourcecode.swift; path = SceneDelegate.swift; sourceTree = "<group>"; };
		46146B9427E10BE400D3C5A1 /* ViewController.swift */ = {isa = PBXFileReference; lastKnownFileType = sourcecode.swift; path = ViewController.swift; sourceTree = "<group>"; };
		46146B9927E10BE600D3C5A1 /* Assets.xcassets */ = {isa = PBXFileReference; lastKnownFileType = folder.assetcatalog; path = Assets.xcassets; sourceTree = "<group>"; };
		46146B9C27E10BE600D3C5A1 /* Base */ = {isa = PBXFileReference; lastKnownFileType = file.storyboard; name = Base; path = Base.lproj/LaunchScreen.storyboard; sourceTree = "<group>"; };
		46146B9E27E10BE600D3C5A1 /* Info.plist */ = {isa = PBXFileReference; lastKnownFileType = text.plist.xml; path = Info.plist; sourceTree = "<group>"; };
		464EAF7827E31B3000B5EE70 /* Divider.swift */ = {isa = PBXFileReference; lastKnownFileType = sourcecode.swift; path = Divider.swift; sourceTree = "<group>"; };
		464EAF7C27E3CEF300B5EE70 /* InitialViewController.swift */ = {isa = PBXFileReference; lastKnownFileType = sourcecode.swift; path = InitialViewController.swift; sourceTree = "<group>"; };
		464EAF7E27E3DCC100B5EE70 /* PersonalDataView.swift */ = {isa = PBXFileReference; lastKnownFileType = sourcecode.swift; path = PersonalDataView.swift; sourceTree = "<group>"; };
		4665080827E2A41300E43E54 /* ExpandableView.swift */ = {isa = PBXFileReference; lastKnownFileType = sourcecode.swift; path = ExpandableView.swift; sourceTree = "<group>"; };
		46AF7EFB27E83DF500D6433D /* Teste.json */ = {isa = PBXFileReference; lastKnownFileType = text.json; path = Teste.json; sourceTree = "<group>"; };
		46AF7EFD27E83E8700D6433D /* ReturnModel.swift */ = {isa = PBXFileReference; lastKnownFileType = sourcecode.swift; path = ReturnModel.swift; sourceTree = "<group>"; };
		46AF7F0127E846E000D6433D /* ReturnViewModel.swift */ = {isa = PBXFileReference; lastKnownFileType = sourcecode.swift; path = ReturnViewModel.swift; sourceTree = "<group>"; };
		46AF7F0827E8520900D6433D /* LocalizationView.swift */ = {isa = PBXFileReference; lastKnownFileType = sourcecode.swift; path = LocalizationView.swift; sourceTree = "<group>"; };
		46AF7F0A27E8552300D6433D /* InformationView.swift */ = {isa = PBXFileReference; lastKnownFileType = sourcecode.swift; path = InformationView.swift; sourceTree = "<group>"; };
/* End PBXFileReference section */

/* Begin PBXFrameworksBuildPhase section */
		46146B8A27E10BE400D3C5A1 /* Frameworks */ = {
			isa = PBXFrameworksBuildPhase;
			buildActionMask = 2147483647;
			files = (
			);
			runOnlyForDeploymentPostprocessing = 0;
		};
/* End PBXFrameworksBuildPhase section */

/* Begin PBXGroup section */
		46146B8427E10BE400D3C5A1 = {
			isa = PBXGroup;
			children = (
				46146B8F27E10BE400D3C5A1 /* Tela Agendamento */,
				46146B8E27E10BE400D3C5A1 /* Products */,
			);
			sourceTree = "<group>";
		};
		46146B8E27E10BE400D3C5A1 /* Products */ = {
			isa = PBXGroup;
			children = (
				46146B8D27E10BE400D3C5A1 /* Tela Agendamento.app */,
			);
			name = Products;
			sourceTree = "<group>";
		};
		46146B8F27E10BE400D3C5A1 /* Tela Agendamento */ = {
			isa = PBXGroup;
			children = (
				46AF7F0627E8472700D6433D /* ViewModel */,
				46AF7F0527E8472000D6433D /* Model */,
				46AF7F0427E8470700D6433D /* View */,
				46AF7F0327E846F100D6433D /* API Service */,
				46146B9027E10BE400D3C5A1 /* AppDelegate.swift */,
				46146B9227E10BE400D3C5A1 /* SceneDelegate.swift */,
				46146B9927E10BE600D3C5A1 /* Assets.xcassets */,
				46146B9B27E10BE600D3C5A1 /* LaunchScreen.storyboard */,
				46146B9E27E10BE600D3C5A1 /* Info.plist */,
			);
			path = "Tela Agendamento";
			sourceTree = "<group>";
		};
		46AF7F0327E846F100D6433D /* API Service */ = {
			isa = PBXGroup;
			children = (
				46AF7EFB27E83DF500D6433D /* Teste.json */,
			);
			path = "API Service";
			sourceTree = "<group>";
		};
		46AF7F0427E8470700D6433D /* View */ = {
			isa = PBXGroup;
			children = (
				4665080827E2A41300E43E54 /* ExpandableView.swift */,
				464EAF7827E31B3000B5EE70 /* Divider.swift */,
				464EAF7E27E3DCC100B5EE70 /* PersonalDataView.swift */,
				46AF7F0827E8520900D6433D /* LocalizationView.swift */,
				46AF7F0A27E8552300D6433D /* InformationView.swift */,
				46AF7F0727E8473C00D6433D /* Controllers */,
			);
			path = View;
			sourceTree = "<group>";
		};
		46AF7F0527E8472000D6433D /* Model */ = {
			isa = PBXGroup;
			children = (
				46AF7EFD27E83E8700D6433D /* ReturnModel.swift */,
			);
			path = Model;
			sourceTree = "<group>";
		};
		46AF7F0627E8472700D6433D /* ViewModel */ = {
			isa = PBXGroup;
			children = (
				46AF7F0127E846E000D6433D /* ReturnViewModel.swift */,
			);
			path = ViewModel;
			sourceTree = "<group>";
		};
		46AF7F0727E8473C00D6433D /* Controllers */ = {
			isa = PBXGroup;
			children = (
				464EAF7C27E3CEF300B5EE70 /* InitialViewController.swift */,
				46146B9427E10BE400D3C5A1 /* ViewController.swift */,
			);
			path = Controllers;
			sourceTree = "<group>";
		};
/* End PBXGroup section */

/* Begin PBXNativeTarget section */
		46146B8C27E10BE400D3C5A1 /* Tela Agendamento */ = {
			isa = PBXNativeTarget;
			buildConfigurationList = 46146BA127E10BE600D3C5A1 /* Build configuration list for PBXNativeTarget "Tela Agendamento" */;
			buildPhases = (
				46146B8927E10BE400D3C5A1 /* Sources */,
				46146B8A27E10BE400D3C5A1 /* Frameworks */,
				46146B8B27E10BE400D3C5A1 /* Resources */,
			);
			buildRules = (
			);
			dependencies = (
			);
			name = "Tela Agendamento";
			productName = "Tela Agendamento";
			productReference = 46146B8D27E10BE400D3C5A1 /* Tela Agendamento.app */;
			productType = "com.apple.product-type.application";
		};
/* End PBXNativeTarget section */

/* Begin PBXProject section */
		46146B8527E10BE400D3C5A1 /* Project object */ = {
			isa = PBXProject;
			attributes = {
				BuildIndependentTargetsInParallel = 1;
				LastSwiftUpdateCheck = 1320;
				LastUpgradeCheck = 1320;
				TargetAttributes = {
					46146B8C27E10BE400D3C5A1 = {
						CreatedOnToolsVersion = 13.2.1;
					};
				};
			};
			buildConfigurationList = 46146B8827E10BE400D3C5A1 /* Build configuration list for PBXProject "Tela Agendamento" */;
			compatibilityVersion = "Xcode 13.0";
			developmentRegion = en;
			hasScannedForEncodings = 0;
			knownRegions = (
				en,
				Base,
			);
			mainGroup = 46146B8427E10BE400D3C5A1;
			productRefGroup = 46146B8E27E10BE400D3C5A1 /* Products */;
			projectDirPath = "";
			projectRoot = "";
			targets = (
				46146B8C27E10BE400D3C5A1 /* Tela Agendamento */,
			);
		};
/* End PBXProject section */

/* Begin PBXResourcesBuildPhase section */
		46146B8B27E10BE400D3C5A1 /* Resources */ = {
			isa = PBXResourcesBuildPhase;
			buildActionMask = 2147483647;
			files = (
				46146B9D27E10BE600D3C5A1 /* LaunchScreen.storyboard in Resources */,
				46AF7EFC27E83DF500D6433D /* Teste.json in Resources */,
				46146B9A27E10BE600D3C5A1 /* Assets.xcassets in Resources */,
			);
			runOnlyForDeploymentPostprocessing = 0;
		};
/* End PBXResourcesBuildPhase section */

/* Begin PBXSourcesBuildPhase section */
		46146B8927E10BE400D3C5A1 /* Sources */ = {
			isa = PBXSourcesBuildPhase;
			buildActionMask = 2147483647;
			files = (
				46AF7F0227E846E000D6433D /* ReturnViewModel.swift in Sources */,
				46146B9527E10BE400D3C5A1 /* ViewController.swift in Sources */,
				46146B9127E10BE400D3C5A1 /* AppDelegate.swift in Sources */,
				464EAF7F27E3DCC100B5EE70 /* PersonalDataView.swift in Sources */,
				46AF7F0927E8520900D6433D /* LocalizationView.swift in Sources */,
				464EAF7927E31B3000B5EE70 /* Divider.swift in Sources */,
				464EAF7D27E3CEF300B5EE70 /* InitialViewController.swift in Sources */,
				46AF7EFE27E83E8700D6433D /* ReturnModel.swift in Sources */,
				46AF7F0B27E8552300D6433D /* InformationView.swift in Sources */,
				4665080927E2A41300E43E54 /* ExpandableView.swift in Sources */,
				46146B9327E10BE400D3C5A1 /* SceneDelegate.swift in Sources */,
			);
			runOnlyForDeploymentPostprocessing = 0;
		};
/* End PBXSourcesBuildPhase section */

/* Begin PBXVariantGroup section */
		46146B9B27E10BE600D3C5A1 /* LaunchScreen.storyboard */ = {
			isa = PBXVariantGroup;
			children = (
				46146B9C27E10BE600D3C5A1 /* Base */,
			);
			name = LaunchScreen.storyboard;
			sourceTree = "<group>";
		};
/* End PBXVariantGroup section */

/* Begin XCBuildConfiguration section */
		46146B9F27E10BE600D3C5A1 /* Debug */ = {
			isa = XCBuildConfiguration;
			buildSettings = {
				ALWAYS_SEARCH_USER_PATHS = NO;
				CLANG_ANALYZER_NONNULL = YES;
				CLANG_ANALYZER_NUMBER_OBJECT_CONVERSION = YES_AGGRESSIVE;
				CLANG_CXX_LANGUAGE_STANDARD = "gnu++17";
				CLANG_CXX_LIBRARY = "libc++";
				CLANG_ENABLE_MODULES = YES;
				CLANG_ENABLE_OBJC_ARC = YES;
				CLANG_ENABLE_OBJC_WEAK = YES;
				CLANG_WARN_BLOCK_CAPTURE_AUTORELEASING = YES;
				CLANG_WARN_BOOL_CONVERSION = YES;
				CLANG_WARN_COMMA = YES;
				CLANG_WARN_CONSTANT_CONVERSION = YES;
				CLANG_WARN_DEPRECATED_OBJC_IMPLEMENTATIONS = YES;
				CLANG_WARN_DIRECT_OBJC_ISA_USAGE = YES_ERROR;
				CLANG_WARN_DOCUMENTATION_COMMENTS = YES;
				CLANG_WARN_EMPTY_BODY = YES;
				CLANG_WARN_ENUM_CONVERSION = YES;
				CLANG_WARN_INFINITE_RECURSION = YES;
				CLANG_WARN_INT_CONVERSION = YES;
				CLANG_WARN_NON_LITERAL_NULL_CONVERSION = YES;
				CLANG_WARN_OBJC_IMPLICIT_RETAIN_SELF = YES;
				CLANG_WARN_OBJC_LITERAL_CONVERSION = YES;
				CLANG_WARN_OBJC_ROOT_CLASS = YES_ERROR;
				CLANG_WARN_QUOTED_INCLUDE_IN_FRAMEWORK_HEADER = YES;
				CLANG_WARN_RANGE_LOOP_ANALYSIS = YES;
				CLANG_WARN_STRICT_PROTOTYPES = YES;
				CLANG_WARN_SUSPICIOUS_MOVE = YES;
				CLANG_WARN_UNGUARDED_AVAILABILITY = YES_AGGRESSIVE;
				CLANG_WARN_UNREACHABLE_CODE = YES;
				CLANG_WARN__DUPLICATE_METHOD_MATCH = YES;
				COPY_PHASE_STRIP = NO;
				DEBUG_INFORMATION_FORMAT = dwarf;
				ENABLE_STRICT_OBJC_MSGSEND = YES;
				ENABLE_TESTABILITY = YES;
				GCC_C_LANGUAGE_STANDARD = gnu11;
				GCC_DYNAMIC_NO_PIC = NO;
				GCC_NO_COMMON_BLOCKS = YES;
				GCC_OPTIMIZATION_LEVEL = 0;
				GCC_PREPROCESSOR_DEFINITIONS = (
					"DEBUG=1",
					"$(inherited)",
				);
				GCC_WARN_64_TO_32_BIT_CONVERSION = YES;
				GCC_WARN_ABOUT_RETURN_TYPE = YES_ERROR;
				GCC_WARN_UNDECLARED_SELECTOR = YES;
				GCC_WARN_UNINITIALIZED_AUTOS = YES_AGGRESSIVE;
				GCC_WARN_UNUSED_FUNCTION = YES;
				GCC_WARN_UNUSED_VARIABLE = YES;
				IPHONEOS_DEPLOYMENT_TARGET = 15.2;
				MTL_ENABLE_DEBUG_INFO = INCLUDE_SOURCE;
				MTL_FAST_MATH = YES;
				ONLY_ACTIVE_ARCH = YES;
				SDKROOT = iphoneos;
				SWIFT_ACTIVE_COMPILATION_CONDITIONS = DEBUG;
				SWIFT_OPTIMIZATION_LEVEL = "-Onone";
			};
			name = Debug;
		};
		46146BA027E10BE600D3C5A1 /* Release */ = {
			isa = XCBuildConfiguration;
			buildSettings = {
				ALWAYS_SEARCH_USER_PATHS = NO;
				CLANG_ANALYZER_NONNULL = YES;
				CLANG_ANALYZER_NUMBER_OBJECT_CONVERSION = YES_AGGRESSIVE;
				CLANG_CXX_LANGUAGE_STANDARD = "gnu++17";
				CLANG_CXX_LIBRARY = "libc++";
				CLANG_ENABLE_MODULES = YES;
				CLANG_ENABLE_OBJC_ARC = YES;
				CLANG_ENABLE_OBJC_WEAK = YES;
				CLANG_WARN_BLOCK_CAPTURE_AUTORELEASING = YES;
				CLANG_WARN_BOOL_CONVERSION = YES;
				CLANG_WARN_COMMA = YES;
				CLANG_WARN_CONSTANT_CONVERSION = YES;
				CLANG_WARN_DEPRECATED_OBJC_IMPLEMENTATIONS = YES;
				CLANG_WARN_DIRECT_OBJC_ISA_USAGE = YES_ERROR;
				CLANG_WARN_DOCUMENTATION_COMMENTS = YES;
				CLANG_WARN_EMPTY_BODY = YES;
				CLANG_WARN_ENUM_CONVERSION = YES;
				CLANG_WARN_INFINITE_RECURSION = YES;
				CLANG_WARN_INT_CONVERSION = YES;
				CLANG_WARN_NON_LITERAL_NULL_CONVERSION = YES;
				CLANG_WARN_OBJC_IMPLICIT_RETAIN_SELF = YES;
				CLANG_WARN_OBJC_LITERAL_CONVERSION = YES;
				CLANG_WARN_OBJC_ROOT_CLASS = YES_ERROR;
				CLANG_WARN_QUOTED_INCLUDE_IN_FRAMEWORK_HEADER = YES;
				CLANG_WARN_RANGE_LOOP_ANALYSIS = YES;
				CLANG_WARN_STRICT_PROTOTYPES = YES;
				CLANG_WARN_SUSPICIOUS_MOVE = YES;
				CLANG_WARN_UNGUARDED_AVAILABILITY = YES_AGGRESSIVE;
				CLANG_WARN_UNREACHABLE_CODE = YES;
				CLANG_WARN__DUPLICATE_METHOD_MATCH = YES;
				COPY_PHASE_STRIP = NO;
				DEBUG_INFORMATION_FORMAT = "dwarf-with-dsym";
				ENABLE_NS_ASSERTIONS = NO;
				ENABLE_STRICT_OBJC_MSGSEND = YES;
				GCC_C_LANGUAGE_STANDARD = gnu11;
				GCC_NO_COMMON_BLOCKS = YES;
				GCC_WARN_64_TO_32_BIT_CONVERSION = YES;
				GCC_WARN_ABOUT_RETURN_TYPE = YES_ERROR;
				GCC_WARN_UNDECLARED_SELECTOR = YES;
				GCC_WARN_UNINITIALIZED_AUTOS = YES_AGGRESSIVE;
				GCC_WARN_UNUSED_FUNCTION = YES;
				GCC_WARN_UNUSED_VARIABLE = YES;
				IPHONEOS_DEPLOYMENT_TARGET = 15.2;
				MTL_ENABLE_DEBUG_INFO = NO;
				MTL_FAST_MATH = YES;
				SDKROOT = iphoneos;
				SWIFT_COMPILATION_MODE = wholemodule;
				SWIFT_OPTIMIZATION_LEVEL = "-O";
				VALIDATE_PRODUCT = YES;
			};
			name = Release;
		};
		46146BA227E10BE600D3C5A1 /* Debug */ = {
			isa = XCBuildConfiguration;
			buildSettings = {
				ASSETCATALOG_COMPILER_APPICON_NAME = AppIcon;
				ASSETCATALOG_COMPILER_GLOBAL_ACCENT_COLOR_NAME = AccentColor;
				CODE_SIGN_STYLE = Automatic;
				CURRENT_PROJECT_VERSION = 1;
				DEVELOPMENT_TEAM = FFB3YFS8K2;
				GENERATE_INFOPLIST_FILE = YES;
				INFOPLIST_FILE = "Tela Agendamento/Info.plist";
				INFOPLIST_KEY_UIApplicationSupportsIndirectInputEvents = YES;
				INFOPLIST_KEY_UILaunchStoryboardName = LaunchScreen;
				INFOPLIST_KEY_UISupportedInterfaceOrientations_iPad = "UIInterfaceOrientationPortrait UIInterfaceOrientationPortraitUpsideDown UIInterfaceOrientationLandscapeLeft UIInterfaceOrientationLandscapeRight";
				INFOPLIST_KEY_UISupportedInterfaceOrientations_iPhone = "UIInterfaceOrientationPortrait UIInterfaceOrientationLandscapeLeft UIInterfaceOrientationLandscapeRight";
				LD_RUNPATH_SEARCH_PATHS = (
					"$(inherited)",
					"@executable_path/Frameworks",
				);
				MARKETING_VERSION = 1.0;
				PRODUCT_BUNDLE_IDENTIFIER = "com.matheusloch.Tela-Agendamento";
				PRODUCT_NAME = "$(TARGET_NAME)";
				SWIFT_EMIT_LOC_STRINGS = YES;
				SWIFT_VERSION = 5.0;
				TARGETED_DEVICE_FAMILY = "1,2";
			};
			name = Debug;
		};
		46146BA327E10BE600D3C5A1 /* Release */ = {
			isa = XCBuildConfiguration;
			buildSettings = {
				ASSETCATALOG_COMPILER_APPICON_NAME = AppIcon;
				ASSETCATALOG_COMPILER_GLOBAL_ACCENT_COLOR_NAME = AccentColor;
				CODE_SIGN_STYLE = Automatic;
				CURRENT_PROJECT_VERSION = 1;
				DEVELOPMENT_TEAM = FFB3YFS8K2;
				GENERATE_INFOPLIST_FILE = YES;
				INFOPLIST_FILE = "Tela Agendamento/Info.plist";
				INFOPLIST_KEY_UIApplicationSupportsIndirectInputEvents = YES;
				INFOPLIST_KEY_UILaunchStoryboardName = LaunchScreen;
				INFOPLIST_KEY_UISupportedInterfaceOrientations_iPad = "UIInterfaceOrientationPortrait UIInterfaceOrientationPortraitUpsideDown UIInterfaceOrientationLandscapeLeft UIInterfaceOrientationLandscapeRight";
				INFOPLIST_KEY_UISupportedInterfaceOrientations_iPhone = "UIInterfaceOrientationPortrait UIInterfaceOrientationLandscapeLeft UIInterfaceOrientationLandscapeRight";
				LD_RUNPATH_SEARCH_PATHS = (
					"$(inherited)",
					"@executable_path/Frameworks",
				);
				MARKETING_VERSION = 1.0;
				PRODUCT_BUNDLE_IDENTIFIER = "com.matheusloch.Tela-Agendamento";
				PRODUCT_NAME = "$(TARGET_NAME)";
				SWIFT_EMIT_LOC_STRINGS = YES;
				SWIFT_VERSION = 5.0;
				TARGETED_DEVICE_FAMILY = "1,2";
			};
			name = Release;
		};
/* End XCBuildConfiguration section */

/* Begin XCConfigurationList section */
		46146B8827E10BE400D3C5A1 /* Build configuration list for PBXProject "Tela Agendamento" */ = {
			isa = XCConfigurationList;
			buildConfigurations = (
				46146B9F27E10BE600D3C5A1 /* Debug */,
				46146BA027E10BE600D3C5A1 /* Release */,
			);
			defaultConfigurationIsVisible = 0;
			defaultConfigurationName = Release;
		};
		46146BA127E10BE600D3C5A1 /* Build configuration list for PBXNativeTarget "Tela Agendamento" */ = {
			isa = XCConfigurationList;
			buildConfigurations = (
				46146BA227E10BE600D3C5A1 /* Debug */,
				46146BA327E10BE600D3C5A1 /* Release */,
			);
			defaultConfigurationIsVisible = 0;
			defaultConfigurationName = Release;
		};
/* End XCConfigurationList section */
	};
	rootObject = 46146B8527E10BE400D3C5A1 /* Project object */;
}
